
Microsoft Visual Studio Solution File, Format Version 12.00
# Visual Studio Version 17
VisualStudioVersion = 17.0.32112.339
MinimumVisualStudioVersion = 10.0.40219.1
Project("{2150E333-8FDC-42A3-9474-1A3956D46DE8}") = "Service", "Service", "{FCD74D9A-2DA1-4336-9FF1-E46C73F27738}"
EndProject
Project("{2150E333-8FDC-42A3-9474-1A3956D46DE8}") = "Identity", "Identity", "{D97137E3-B255-468E-A074-BDD0ACCBE70B}"
EndProject
Project("{2150E333-8FDC-42A3-9474-1A3956D46DE8}") = "Employer", "Employer", "{A9961EC4-62B9-4169-9BFA-1C77FF2CFD29}"
EndProject
Project("{2150E333-8FDC-42A3-9474-1A3956D46DE8}") = "JobSeeker", "JobSeeker", "{A5C9909D-F879-4D9E-8382-DB06720E8C7E}"
EndProject
Project("{2150E333-8FDC-42A3-9474-1A3956D46DE8}") = "WebAPI", "WebAPI", "{10A4D1AE-ADF9-47B6-9EDE-58C4A0AD5140}"
EndProject
Project("{9A19103F-16F7-4668-BE54-9A1E7A4F7556}") = "Identity.WebAPI", "Identity.WebAPI\Identity.WebAPI.csproj", "{BA06E6EA-4CE7-4DCF-81C1-D0A044BA5246}"
EndProject
Project("{2150E333-8FDC-42A3-9474-1A3956D46DE8}") = "WebAPI", "WebAPI", "{E05B2F6F-2878-44AA-82B0-6D5F97A844C8}"
EndProject
Project("{2150E333-8FDC-42A3-9474-1A3956D46DE8}") = "WebAPI", "WebAPI", "{1B2A11AB-1A2E-4A00-97C5-0268473672DA}"
EndProject
Project("{9A19103F-16F7-4668-BE54-9A1E7A4F7556}") = "JobSeeker.WebAPI", "JobSeeker.WebAPI\JobSeeker.WebAPI.csproj", "{B0DD73F7-F02F-40B2-966D-A01CCCC19F16}"
EndProject
Project("{9A19103F-16F7-4668-BE54-9A1E7A4F7556}") = "Employer.WEBAPI", "Employer.WEBAPI\Employer.WEBAPI.csproj", "{C9FEEEB4-2330-4495-B76D-2E313384C831}"
EndProject
Project("{2150E333-8FDC-42A3-9474-1A3956D46DE8}") = "Solution Items", "Solution Items", "{23C75FB3-7B52-4579-83C1-313E7982FEAE}"
	ProjectSection(SolutionItems) = preProject
		.editorconfig = .editorconfig
	EndProjectSection
EndProject
Project("{2150E333-8FDC-42A3-9474-1A3956D46DE8}") = "WebApp", "WebApp", "{1DEEA377-3C77-4062-93D5-5B0AE8A2A68E}"
EndProject
Project("{2150E333-8FDC-42A3-9474-1A3956D46DE8}") = "ApiGateway", "ApiGateway", "{4B452531-0599-4000-B955-122CA647E1C2}"
EndProject
Project("{9A19103F-16F7-4668-BE54-9A1E7A4F7556}") = "Api.Gateway", "Api.Gateway\Api.Gateway.csproj", "{B5716101-A3F4-4935-A942-1338D1170DED}"
EndProject
Global
	GlobalSection(SolutionConfigurationPlatforms) = preSolution
		Debug|Any CPU = Debug|Any CPU
		Release|Any CPU = Release|Any CPU
	EndGlobalSection
	GlobalSection(ProjectConfigurationPlatforms) = postSolution
		{BA06E6EA-4CE7-4DCF-81C1-D0A044BA5246}.Debug|Any CPU.ActiveCfg = Debug|Any CPU
		{BA06E6EA-4CE7-4DCF-81C1-D0A044BA5246}.Debug|Any CPU.Build.0 = Debug|Any CPU
		{BA06E6EA-4CE7-4DCF-81C1-D0A044BA5246}.Release|Any CPU.ActiveCfg = Release|Any CPU
		{BA06E6EA-4CE7-4DCF-81C1-D0A044BA5246}.Release|Any CPU.Build.0 = Release|Any CPU
		{B0DD73F7-F02F-40B2-966D-A01CCCC19F16}.Debug|Any CPU.ActiveCfg = Debug|Any CPU
		{B0DD73F7-F02F-40B2-966D-A01CCCC19F16}.Debug|Any CPU.Build.0 = Debug|Any CPU
		{B0DD73F7-F02F-40B2-966D-A01CCCC19F16}.Release|Any CPU.ActiveCfg = Release|Any CPU
		{B0DD73F7-F02F-40B2-966D-A01CCCC19F16}.Release|Any CPU.Build.0 = Release|Any CPU
		{C9FEEEB4-2330-4495-B76D-2E313384C831}.Debug|Any CPU.ActiveCfg = Debug|Any CPU
		{C9FEEEB4-2330-4495-B76D-2E313384C831}.Debug|Any CPU.Build.0 = Debug|Any CPU
		{C9FEEEB4-2330-4495-B76D-2E313384C831}.Release|Any CPU.ActiveCfg = Release|Any CPU
		{C9FEEEB4-2330-4495-B76D-2E313384C831}.Release|Any CPU.Build.0 = Release|Any CPU
		{B5716101-A3F4-4935-A942-1338D1170DED}.Debug|Any CPU.ActiveCfg = Debug|Any CPU
		{B5716101-A3F4-4935-A942-1338D1170DED}.Debug|Any CPU.Build.0 = Debug|Any CPU
		{B5716101-A3F4-4935-A942-1338D1170DED}.Release|Any CPU.ActiveCfg = Release|Any CPU
		{B5716101-A3F4-4935-A942-1338D1170DED}.Release|Any CPU.Build.0 = Release|Any CPU
	EndGlobalSection
	GlobalSection(SolutionProperties) = preSolution
		HideSolutionNode = FALSE
	EndGlobalSection
	GlobalSection(NestedProjects) = preSolution
		{D97137E3-B255-468E-A074-BDD0ACCBE70B} = {FCD74D9A-2DA1-4336-9FF1-E46C73F27738}
		{A9961EC4-62B9-4169-9BFA-1C77FF2CFD29} = {FCD74D9A-2DA1-4336-9FF1-E46C73F27738}
		{A5C9909D-F879-4D9E-8382-DB06720E8C7E} = {FCD74D9A-2DA1-4336-9FF1-E46C73F27738}
		{10A4D1AE-ADF9-47B6-9EDE-58C4A0AD5140} = {D97137E3-B255-468E-A074-BDD0ACCBE70B}
		{BA06E6EA-4CE7-4DCF-81C1-D0A044BA5246} = {10A4D1AE-ADF9-47B6-9EDE-58C4A0AD5140}
		{E05B2F6F-2878-44AA-82B0-6D5F97A844C8} = {A9961EC4-62B9-4169-9BFA-1C77FF2CFD29}
		{1B2A11AB-1A2E-4A00-97C5-0268473672DA} = {A5C9909D-F879-4D9E-8382-DB06720E8C7E}
		{B0DD73F7-F02F-40B2-966D-A01CCCC19F16} = {1B2A11AB-1A2E-4A00-97C5-0268473672DA}
		{C9FEEEB4-2330-4495-B76D-2E313384C831} = {E05B2F6F-2878-44AA-82B0-6D5F97A844C8}
		{4B452531-0599-4000-B955-122CA647E1C2} = {1DEEA377-3C77-4062-93D5-5B0AE8A2A68E}
		{B5716101-A3F4-4935-A942-1338D1170DED} = {4B452531-0599-4000-B955-122CA647E1C2}
	EndGlobalSection
	GlobalSection(ExtensibilityGlobals) = postSolution
		SolutionGuid = {DD52EAFA-B2BA-4D7D-BA74-D043DB33751A}
	EndGlobalSection
EndGlobal
